// !$*UTF8*$!
{
	archiveVersion = 1;
	classes = {
	};
	objectVersion = 56;
	objects = {

/* Begin PBXBuildFile section */
		5CC34AA22C30869300FDA808 /* WBSeniorCourseApp.swift in Sources */ = {isa = PBXBuildFile; fileRef = 5CC34AA12C30869300FDA808 /* WBSeniorCourseApp.swift */; };
		5CC34AA62C30869400FDA808 /* Assets.xcassets in Resources */ = {isa = PBXBuildFile; fileRef = 5CC34AA52C30869400FDA808 /* Assets.xcassets */; };
		5CC34AA92C30869400FDA808 /* Preview Assets.xcassets in Resources */ = {isa = PBXBuildFile; fileRef = 5CC34AA82C30869400FDA808 /* Preview Assets.xcassets */; };
		5CC34AC32C30931100FDA808 /* AuthorizationPhoneScreen.swift in Sources */ = {isa = PBXBuildFile; fileRef = 5CC34AC22C30931100FDA808 /* AuthorizationPhoneScreen.swift */; };
		5CC34AC52C30931D00FDA808 /* AuthorizationCodeScreen.swift in Sources */ = {isa = PBXBuildFile; fileRef = 5CC34AC42C30931D00FDA808 /* AuthorizationCodeScreen.swift */; };
		5CC34AC92C30935A00FDA808 /* VerificationCodeTextField.swift in Sources */ = {isa = PBXBuildFile; fileRef = 5CC34AC82C30935A00FDA808 /* VerificationCodeTextField.swift */; };
		5CC34ACB2C3093B600FDA808 /* PhoneTextField.swift in Sources */ = {isa = PBXBuildFile; fileRef = 5CC34ACA2C3093B600FDA808 /* PhoneTextField.swift */; };
		5CC34AD32C30948B00FDA808 /* Stubable.swift in Sources */ = {isa = PBXBuildFile; fileRef = 5CC34AD22C30948B00FDA808 /* Stubable.swift */; };
		5CC34AD62C30976C00FDA808 /* RoundImage.swift in Sources */ = {isa = PBXBuildFile; fileRef = 5CC34AD52C30976C00FDA808 /* RoundImage.swift */; };
		5CC34AD92C3097AF00FDA808 /* GradientView.swift in Sources */ = {isa = PBXBuildFile; fileRef = 5CC34AD82C3097AF00FDA808 /* GradientView.swift */; };
		5CC34ADB2C30CD2400FDA808 /* Asset.swift in Sources */ = {isa = PBXBuildFile; fileRef = 5CC34ADA2C30CD2400FDA808 /* Asset.swift */; };
		5CC34AE02C30CDE300FDA808 /* Localizable.xcstrings in Resources */ = {isa = PBXBuildFile; fileRef = 5CC34ADF2C30CDE300FDA808 /* Localizable.xcstrings */; };
		5CC34AF42C3157D800FDA808 /* Montserrat-Bold.ttf in Resources */ = {isa = PBXBuildFile; fileRef = 5CC34AE22C3157D700FDA808 /* Montserrat-Bold.ttf */; };
		5CC34B002C3157D800FDA808 /* Montserrat-Regular.ttf in Resources */ = {isa = PBXBuildFile; fileRef = 5CC34AEE2C3157D700FDA808 /* Montserrat-Regular.ttf */; };
		5CC34B012C3157D800FDA808 /* Montserrat-SemiBold.ttf in Resources */ = {isa = PBXBuildFile; fileRef = 5CC34AEF2C3157D700FDA808 /* Montserrat-SemiBold.ttf */; };
		5CC34B022C3157D800FDA808 /* Montserrat-Medium.ttf in Resources */ = {isa = PBXBuildFile; fileRef = 5CC34AF02C3157D700FDA808 /* Montserrat-Medium.ttf */; };
		5CC34B032C3157D800FDA808 /* Montserrat-Light.ttf in Resources */ = {isa = PBXBuildFile; fileRef = 5CC34AF12C3157D700FDA808 /* Montserrat-Light.ttf */; };
		5CC34B092C315A8600FDA808 /* FontFamily.swift in Sources */ = {isa = PBXBuildFile; fileRef = 5CC34B082C315A8600FDA808 /* FontFamily.swift */; };
		5CC34B0C2C315C4800FDA808 /* AppString.swift in Sources */ = {isa = PBXBuildFile; fileRef = 5CC34B0B2C315C4800FDA808 /* AppString.swift */; };
		5CC34B0F2C31635300FDA808 /* PurpleButtonStyle.swift in Sources */ = {isa = PBXBuildFile; fileRef = 5CC34B0E2C31635300FDA808 /* PurpleButtonStyle.swift */; };
		5CC34B122C31642200FDA808 /* Colors.xcassets in Resources */ = {isa = PBXBuildFile; fileRef = 5CC34B112C31642200FDA808 /* Colors.xcassets */; };
		5CC34B142C3164AC00FDA808 /* AppColor.swift in Sources */ = {isa = PBXBuildFile; fileRef = 5CC34B132C3164AC00FDA808 /* AppColor.swift */; };
/* End PBXBuildFile section */

/* Begin PBXFileReference section */
		5CC34A9E2C30869300FDA808 /* WBSeniorCourse.app */ = {isa = PBXFileReference; explicitFileType = wrapper.application; includeInIndex = 0; path = WBSeniorCourse.app; sourceTree = BUILT_PRODUCTS_DIR; };
		5CC34AA12C30869300FDA808 /* WBSeniorCourseApp.swift */ = {isa = PBXFileReference; lastKnownFileType = sourcecode.swift; path = WBSeniorCourseApp.swift; sourceTree = "<group>"; };
		5CC34AA52C30869400FDA808 /* Assets.xcassets */ = {isa = PBXFileReference; lastKnownFileType = folder.assetcatalog; path = Assets.xcassets; sourceTree = "<group>"; };
		5CC34AA82C30869400FDA808 /* Preview Assets.xcassets */ = {isa = PBXFileReference; lastKnownFileType = folder.assetcatalog; path = "Preview Assets.xcassets"; sourceTree = "<group>"; };
		5CC34AC22C30931100FDA808 /* AuthorizationPhoneScreen.swift */ = {isa = PBXFileReference; lastKnownFileType = sourcecode.swift; path = AuthorizationPhoneScreen.swift; sourceTree = "<group>"; };
		5CC34AC42C30931D00FDA808 /* AuthorizationCodeScreen.swift */ = {isa = PBXFileReference; lastKnownFileType = sourcecode.swift; path = AuthorizationCodeScreen.swift; sourceTree = "<group>"; };
		5CC34AC82C30935A00FDA808 /* VerificationCodeTextField.swift */ = {isa = PBXFileReference; lastKnownFileType = sourcecode.swift; path = VerificationCodeTextField.swift; sourceTree = "<group>"; };
		5CC34ACA2C3093B600FDA808 /* PhoneTextField.swift */ = {isa = PBXFileReference; lastKnownFileType = sourcecode.swift; path = PhoneTextField.swift; sourceTree = "<group>"; };
		5CC34AD22C30948B00FDA808 /* Stubable.swift */ = {isa = PBXFileReference; lastKnownFileType = sourcecode.swift; path = Stubable.swift; sourceTree = "<group>"; };
		5CC34AD52C30976C00FDA808 /* RoundImage.swift */ = {isa = PBXFileReference; lastKnownFileType = sourcecode.swift; path = RoundImage.swift; sourceTree = "<group>"; };
		5CC34AD82C3097AF00FDA808 /* GradientView.swift */ = {isa = PBXFileReference; lastKnownFileType = sourcecode.swift; path = GradientView.swift; sourceTree = "<group>"; };
		5CC34ADA2C30CD2400FDA808 /* Asset.swift */ = {isa = PBXFileReference; lastKnownFileType = sourcecode.swift; path = Asset.swift; sourceTree = "<group>"; };
		5CC34ADF2C30CDE300FDA808 /* Localizable.xcstrings */ = {isa = PBXFileReference; lastKnownFileType = text.json.xcstrings; path = Localizable.xcstrings; sourceTree = "<group>"; };
		5CC34AE22C3157D700FDA808 /* Montserrat-Bold.ttf */ = {isa = PBXFileReference; lastKnownFileType = file; path = "Montserrat-Bold.ttf"; sourceTree = "<group>"; };
		5CC34AEE2C3157D700FDA808 /* Montserrat-Regular.ttf */ = {isa = PBXFileReference; lastKnownFileType = file; path = "Montserrat-Regular.ttf"; sourceTree = "<group>"; };
		5CC34AEF2C3157D700FDA808 /* Montserrat-SemiBold.ttf */ = {isa = PBXFileReference; lastKnownFileType = file; path = "Montserrat-SemiBold.ttf"; sourceTree = "<group>"; };
		5CC34AF02C3157D700FDA808 /* Montserrat-Medium.ttf */ = {isa = PBXFileReference; lastKnownFileType = file; path = "Montserrat-Medium.ttf"; sourceTree = "<group>"; };
		5CC34AF12C3157D700FDA808 /* Montserrat-Light.ttf */ = {isa = PBXFileReference; lastKnownFileType = file; path = "Montserrat-Light.ttf"; sourceTree = "<group>"; };
		5CC34B052C31589600FDA808 /* Info.plist */ = {isa = PBXFileReference; lastKnownFileType = text.plist.xml; path = Info.plist; sourceTree = "<group>"; };
		5CC34B082C315A8600FDA808 /* FontFamily.swift */ = {isa = PBXFileReference; lastKnownFileType = sourcecode.swift; path = FontFamily.swift; sourceTree = "<group>"; };
		5CC34B0B2C315C4800FDA808 /* AppString.swift */ = {isa = PBXFileReference; lastKnownFileType = sourcecode.swift; path = AppString.swift; sourceTree = "<group>"; };
		5CC34B0E2C31635300FDA808 /* PurpleButtonStyle.swift */ = {isa = PBXFileReference; lastKnownFileType = sourcecode.swift; path = PurpleButtonStyle.swift; sourceTree = "<group>"; };
		5CC34B112C31642200FDA808 /* Colors.xcassets */ = {isa = PBXFileReference; lastKnownFileType = folder.assetcatalog; path = Colors.xcassets; sourceTree = "<group>"; };
		5CC34B132C3164AC00FDA808 /* AppColor.swift */ = {isa = PBXFileReference; lastKnownFileType = sourcecode.swift; path = AppColor.swift; sourceTree = "<group>"; };
/* End PBXFileReference section */

/* Begin PBXFrameworksBuildPhase section */
		5CC34A9B2C30869300FDA808 /* Frameworks */ = {
			isa = PBXFrameworksBuildPhase;
			buildActionMask = 2147483647;
			files = (
			);
			runOnlyForDeploymentPostprocessing = 0;
		};
/* End PBXFrameworksBuildPhase section */

/* Begin PBXGroup section */
		5CC34A952C30869300FDA808 = {
			isa = PBXGroup;
			children = (
				5CC34AA02C30869300FDA808 /* WBSeniorCourse */,
				5CC34A9F2C30869300FDA808 /* Products */,
			);
			sourceTree = "<group>";
		};
		5CC34A9F2C30869300FDA808 /* Products */ = {
			isa = PBXGroup;
			children = (
				5CC34A9E2C30869300FDA808 /* WBSeniorCourse.app */,
			);
			name = Products;
			sourceTree = "<group>";
		};
		5CC34AA02C30869300FDA808 /* WBSeniorCourse */ = {
			isa = PBXGroup;
			children = (
				5CC34AD02C30947100FDA808 /* Protocol */,
				5CC34AB02C308F2E00FDA808 /* App */,
				5CC34AB22C308F4000FDA808 /* Extension */,
				5CC34AB62C308F8400FDA808 /* DataLayer */,
				5CC34AB32C308F5A00FDA808 /* UILayer */,
				5CC34AB12C308F3800FDA808 /* Resources */,
			);
			path = WBSeniorCourse;
			sourceTree = "<group>";
		};
		5CC34AA72C30869400FDA808 /* Preview Content */ = {
			isa = PBXGroup;
			children = (
				5CC34AA82C30869400FDA808 /* Preview Assets.xcassets */,
			);
			path = "Preview Content";
			sourceTree = "<group>";
		};
		5CC34AB02C308F2E00FDA808 /* App */ = {
			isa = PBXGroup;
			children = (
				5CC34AA12C30869300FDA808 /* WBSeniorCourseApp.swift */,
			);
			path = App;
			sourceTree = "<group>";
		};
		5CC34AB12C308F3800FDA808 /* Resources */ = {
			isa = PBXGroup;
			children = (
				5CC34B052C31589600FDA808 /* Info.plist */,
				5CC34ADC2C30CD3000FDA808 /* Assets */,
				5CC34B102C31640A00FDA808 /* Color */,
				5CC34ADE2C30CD5B00FDA808 /* Localizable */,
				5CC34ADD2C30CD4100FDA808 /* Font */,
			);
			path = Resources;
			sourceTree = "<group>";
		};
		5CC34AB22C308F4000FDA808 /* Extension */ = {
			isa = PBXGroup;
			children = (
			);
			path = Extension;
			sourceTree = "<group>";
		};
		5CC34AB32C308F5A00FDA808 /* UILayer */ = {
			isa = PBXGroup;
			children = (
				5CC34AB42C308F6500FDA808 /* Module */,
				5CC34AB52C308F7700FDA808 /* View */,
			);
			path = UILayer;
			sourceTree = "<group>";
		};
		5CC34AB42C308F6500FDA808 /* Module */ = {
			isa = PBXGroup;
			children = (
				5CC34AB82C3091F300FDA808 /* Authorization */,
			);
			path = Module;
			sourceTree = "<group>";
		};
		5CC34AB52C308F7700FDA808 /* View */ = {
			isa = PBXGroup;
			children = (
				5CC34AD72C30979F00FDA808 /* View */,
				5CC34ABA2C30920300FDA808 /* Button */,
				5CC34AD42C30974C00FDA808 /* Image */,
				5CC34ABB2C30920900FDA808 /* TextField */,
			);
			path = View;
			sourceTree = "<group>";
		};
		5CC34AB62C308F8400FDA808 /* DataLayer */ = {
			isa = PBXGroup;
			children = (
			);
			path = DataLayer;
			sourceTree = "<group>";
		};
		5CC34AB82C3091F300FDA808 /* Authorization */ = {
			isa = PBXGroup;
			children = (
				5CC34ACD2C3093D200FDA808 /* AuthorizationPhone */,
				5CC34ACE2C3093D800FDA808 /* AuthorizationCode */,
			);
			path = Authorization;
			sourceTree = "<group>";
		};
		5CC34ABA2C30920300FDA808 /* Button */ = {
			isa = PBXGroup;
			children = (
				5CC34B0D2C31632000FDA808 /* ButtonStyle */,
			);
			path = Button;
			sourceTree = "<group>";
		};
		5CC34ABB2C30920900FDA808 /* TextField */ = {
			isa = PBXGroup;
			children = (
				5CC34ACA2C3093B600FDA808 /* PhoneTextField.swift */,
				5CC34AC82C30935A00FDA808 /* VerificationCodeTextField.swift */,
			);
			path = TextField;
			sourceTree = "<group>";
		};
		5CC34ACD2C3093D200FDA808 /* AuthorizationPhone */ = {
			isa = PBXGroup;
			children = (
				5CC34AC22C30931100FDA808 /* AuthorizationPhoneScreen.swift */,
			);
			path = AuthorizationPhone;
			sourceTree = "<group>";
		};
		5CC34ACE2C3093D800FDA808 /* AuthorizationCode */ = {
			isa = PBXGroup;
			children = (
				5CC34AC42C30931D00FDA808 /* AuthorizationCodeScreen.swift */,
			);
			path = AuthorizationCode;
			sourceTree = "<group>";
		};
		5CC34AD02C30947100FDA808 /* Protocol */ = {
			isa = PBXGroup;
			children = (
				5CC34AD12C30947900FDA808 /* Base */,
			);
			path = Protocol;
			sourceTree = "<group>";
		};
		5CC34AD12C30947900FDA808 /* Base */ = {
			isa = PBXGroup;
			children = (
				5CC34AD22C30948B00FDA808 /* Stubable.swift */,
			);
			path = Base;
			sourceTree = "<group>";
		};
		5CC34AD42C30974C00FDA808 /* Image */ = {
			isa = PBXGroup;
			children = (
				5CC34AD52C30976C00FDA808 /* RoundImage.swift */,
			);
			path = Image;
			sourceTree = "<group>";
		};
		5CC34AD72C30979F00FDA808 /* View */ = {
			isa = PBXGroup;
			children = (
				5CC34AD82C3097AF00FDA808 /* GradientView.swift */,
			);
			path = View;
			sourceTree = "<group>";
		};
		5CC34ADC2C30CD3000FDA808 /* Assets */ = {
			isa = PBXGroup;
			children = (
				5CC34ADA2C30CD2400FDA808 /* Asset.swift */,
				5CC34AA52C30869400FDA808 /* Assets.xcassets */,
				5CC34AA72C30869400FDA808 /* Preview Content */,
			);
			path = Assets;
			sourceTree = "<group>";
		};
		5CC34ADD2C30CD4100FDA808 /* Font */ = {
			isa = PBXGroup;
			children = (
				5CC34B082C315A8600FDA808 /* FontFamily.swift */,
				5CC34B0A2C315A9500FDA808 /* Montserrat */,
			);
			path = Font;
			sourceTree = "<group>";
		};
		5CC34ADE2C30CD5B00FDA808 /* Localizable */ = {
			isa = PBXGroup;
			children = (
				5CC34B0B2C315C4800FDA808 /* AppString.swift */,
				5CC34ADF2C30CDE300FDA808 /* Localizable.xcstrings */,
			);
			path = Localizable;
			sourceTree = "<group>";
		};
		5CC34B0A2C315A9500FDA808 /* Montserrat */ = {
			isa = PBXGroup;
			children = (
				5CC34AF12C3157D700FDA808 /* Montserrat-Light.ttf */,
				5CC34AEE2C3157D700FDA808 /* Montserrat-Regular.ttf */,
				5CC34AF02C3157D700FDA808 /* Montserrat-Medium.ttf */,
				5CC34AEF2C3157D700FDA808 /* Montserrat-SemiBold.ttf */,
				5CC34AE22C3157D700FDA808 /* Montserrat-Bold.ttf */,
			);
			path = Montserrat;
			sourceTree = "<group>";
		};
		5CC34B0D2C31632000FDA808 /* ButtonStyle */ = {
			isa = PBXGroup;
			children = (
				5CC34B0E2C31635300FDA808 /* PurpleButtonStyle.swift */,
			);
			path = ButtonStyle;
			sourceTree = "<group>";
		};
		5CC34B102C31640A00FDA808 /* Color */ = {
			isa = PBXGroup;
			children = (
				5CC34B132C3164AC00FDA808 /* AppColor.swift */,
				5CC34B112C31642200FDA808 /* Colors.xcassets */,
			);
			path = Color;
			sourceTree = "<group>";
		};
/* End PBXGroup section */

/* Begin PBXNativeTarget section */
		5CC34A9D2C30869300FDA808 /* WBSeniorCourse */ = {
			isa = PBXNativeTarget;
			buildConfigurationList = 5CC34AAC2C30869400FDA808 /* Build configuration list for PBXNativeTarget "WBSeniorCourse" */;
			buildPhases = (
				5CC34A9A2C30869300FDA808 /* Sources */,
				5CC34A9B2C30869300FDA808 /* Frameworks */,
				5CC34A9C2C30869300FDA808 /* Resources */,
			);
			buildRules = (
			);
			dependencies = (
			);
			name = WBSeniorCourse;
			productName = WBSeniorCourse;
			productReference = 5CC34A9E2C30869300FDA808 /* WBSeniorCourse.app */;
			productType = "com.apple.product-type.application";
		};
/* End PBXNativeTarget section */

/* Begin PBXProject section */
		5CC34A962C30869300FDA808 /* Project object */ = {
			isa = PBXProject;
			attributes = {
				BuildIndependentTargetsInParallel = 1;
				LastSwiftUpdateCheck = 1530;
				LastUpgradeCheck = 1530;
				TargetAttributes = {
					5CC34A9D2C30869300FDA808 = {
						CreatedOnToolsVersion = 15.3;
					};
				};
			};
			buildConfigurationList = 5CC34A992C30869300FDA808 /* Build configuration list for PBXProject "WBSeniorCourse" */;
			compatibilityVersion = "Xcode 14.0";
			developmentRegion = en;
			hasScannedForEncodings = 0;
			knownRegions = (
				en,
				Base,
			);
			mainGroup = 5CC34A952C30869300FDA808;
			productRefGroup = 5CC34A9F2C30869300FDA808 /* Products */;
			projectDirPath = "";
			projectRoot = "";
			targets = (
				5CC34A9D2C30869300FDA808 /* WBSeniorCourse */,
			);
		};
/* End PBXProject section */

/* Begin PBXResourcesBuildPhase section */
		5CC34A9C2C30869300FDA808 /* Resources */ = {
			isa = PBXResourcesBuildPhase;
			buildActionMask = 2147483647;
			files = (
				5CC34B122C31642200FDA808 /* Colors.xcassets in Resources */,
				5CC34B032C3157D800FDA808 /* Montserrat-Light.ttf in Resources */,
				5CC34B002C3157D800FDA808 /* Montserrat-Regular.ttf in Resources */,
				5CC34AF42C3157D800FDA808 /* Montserrat-Bold.ttf in Resources */,
				5CC34B012C3157D800FDA808 /* Montserrat-SemiBold.ttf in Resources */,
				5CC34B022C3157D800FDA808 /* Montserrat-Medium.ttf in Resources */,
				5CC34AA92C30869400FDA808 /* Preview Assets.xcassets in Resources */,
				5CC34AA62C30869400FDA808 /* Assets.xcassets in Resources */,
				5CC34AE02C30CDE300FDA808 /* Localizable.xcstrings in Resources */,
			);
			runOnlyForDeploymentPostprocessing = 0;
		};
/* End PBXResourcesBuildPhase section */

/* Begin PBXSourcesBuildPhase section */
		5CC34A9A2C30869300FDA808 /* Sources */ = {
			isa = PBXSourcesBuildPhase;
			buildActionMask = 2147483647;
			files = (
				5CC34B092C315A8600FDA808 /* FontFamily.swift in Sources */,
				5CC34AC52C30931D00FDA808 /* AuthorizationCodeScreen.swift in Sources */,
				5CC34B0C2C315C4800FDA808 /* AppString.swift in Sources */,
				5CC34B142C3164AC00FDA808 /* AppColor.swift in Sources */,
				5CC34ACB2C3093B600FDA808 /* PhoneTextField.swift in Sources */,
				5CC34ADB2C30CD2400FDA808 /* Asset.swift in Sources */,
				5CC34AD32C30948B00FDA808 /* Stubable.swift in Sources */,
				5CC34AC32C30931100FDA808 /* AuthorizationPhoneScreen.swift in Sources */,
				5CC34AC92C30935A00FDA808 /* VerificationCodeTextField.swift in Sources */,
				5CC34AA22C30869300FDA808 /* WBSeniorCourseApp.swift in Sources */,
				5CC34AD62C30976C00FDA808 /* RoundImage.swift in Sources */,
				5CC34B0F2C31635300FDA808 /* PurpleButtonStyle.swift in Sources */,
				5CC34AD92C3097AF00FDA808 /* GradientView.swift in Sources */,
			);
			runOnlyForDeploymentPostprocessing = 0;
		};
/* End PBXSourcesBuildPhase section */

/* Begin XCBuildConfiguration section */
		5CC34AAA2C30869400FDA808 /* Debug */ = {
			isa = XCBuildConfiguration;
			buildSettings = {
				ALWAYS_SEARCH_USER_PATHS = NO;
				ASSETCATALOG_COMPILER_GENERATE_SWIFT_ASSET_SYMBOL_EXTENSIONS = YES;
				CLANG_ANALYZER_NONNULL = YES;
				CLANG_ANALYZER_NUMBER_OBJECT_CONVERSION = YES_AGGRESSIVE;
				CLANG_CXX_LANGUAGE_STANDARD = "gnu++20";
				CLANG_ENABLE_MODULES = YES;
				CLANG_ENABLE_OBJC_ARC = YES;
				CLANG_ENABLE_OBJC_WEAK = YES;
				CLANG_WARN_BLOCK_CAPTURE_AUTORELEASING = YES;
				CLANG_WARN_BOOL_CONVERSION = YES;
				CLANG_WARN_COMMA = YES;
				CLANG_WARN_CONSTANT_CONVERSION = YES;
				CLANG_WARN_DEPRECATED_OBJC_IMPLEMENTATIONS = YES;
				CLANG_WARN_DIRECT_OBJC_ISA_USAGE = YES_ERROR;
				CLANG_WARN_DOCUMENTATION_COMMENTS = YES;
				CLANG_WARN_EMPTY_BODY = YES;
				CLANG_WARN_ENUM_CONVERSION = YES;
				CLANG_WARN_INFINITE_RECURSION = YES;
				CLANG_WARN_INT_CONVERSION = YES;
				CLANG_WARN_NON_LITERAL_NULL_CONVERSION = YES;
				CLANG_WARN_OBJC_IMPLICIT_RETAIN_SELF = YES;
				CLANG_WARN_OBJC_LITERAL_CONVERSION = YES;
				CLANG_WARN_OBJC_ROOT_CLASS = YES_ERROR;
				CLANG_WARN_QUOTED_INCLUDE_IN_FRAMEWORK_HEADER = YES;
				CLANG_WARN_RANGE_LOOP_ANALYSIS = YES;
				CLANG_WARN_STRICT_PROTOTYPES = YES;
				CLANG_WARN_SUSPICIOUS_MOVE = YES;
				CLANG_WARN_UNGUARDED_AVAILABILITY = YES_AGGRESSIVE;
				CLANG_WARN_UNREACHABLE_CODE = YES;
				CLANG_WARN__DUPLICATE_METHOD_MATCH = YES;
				COPY_PHASE_STRIP = NO;
				DEBUG_INFORMATION_FORMAT = dwarf;
				ENABLE_STRICT_OBJC_MSGSEND = YES;
				ENABLE_TESTABILITY = YES;
				ENABLE_USER_SCRIPT_SANDBOXING = YES;
				GCC_C_LANGUAGE_STANDARD = gnu17;
				GCC_DYNAMIC_NO_PIC = NO;
				GCC_NO_COMMON_BLOCKS = YES;
				GCC_OPTIMIZATION_LEVEL = 0;
				GCC_PREPROCESSOR_DEFINITIONS = (
					"DEBUG=1",
					"$(inherited)",
				);
				GCC_WARN_64_TO_32_BIT_CONVERSION = YES;
				GCC_WARN_ABOUT_RETURN_TYPE = YES_ERROR;
				GCC_WARN_UNDECLARED_SELECTOR = YES;
				GCC_WARN_UNINITIALIZED_AUTOS = YES_AGGRESSIVE;
				GCC_WARN_UNUSED_FUNCTION = YES;
				GCC_WARN_UNUSED_VARIABLE = YES;
				IPHONEOS_DEPLOYMENT_TARGET = 17.4;
				LOCALIZATION_PREFERS_STRING_CATALOGS = YES;
				MTL_ENABLE_DEBUG_INFO = INCLUDE_SOURCE;
				MTL_FAST_MATH = YES;
				ONLY_ACTIVE_ARCH = YES;
				SDKROOT = iphoneos;
				SWIFT_ACTIVE_COMPILATION_CONDITIONS = "DEBUG $(inherited)";
				SWIFT_OPTIMIZATION_LEVEL = "-Onone";
			};
			name = Debug;
		};
		5CC34AAB2C30869400FDA808 /* Release */ = {
			isa = XCBuildConfiguration;
			buildSettings = {
				ALWAYS_SEARCH_USER_PATHS = NO;
				ASSETCATALOG_COMPILER_GENERATE_SWIFT_ASSET_SYMBOL_EXTENSIONS = YES;
				CLANG_ANALYZER_NONNULL = YES;
				CLANG_ANALYZER_NUMBER_OBJECT_CONVERSION = YES_AGGRESSIVE;
				CLANG_CXX_LANGUAGE_STANDARD = "gnu++20";
				CLANG_ENABLE_MODULES = YES;
				CLANG_ENABLE_OBJC_ARC = YES;
				CLANG_ENABLE_OBJC_WEAK = YES;
				CLANG_WARN_BLOCK_CAPTURE_AUTORELEASING = YES;
				CLANG_WARN_BOOL_CONVERSION = YES;
				CLANG_WARN_COMMA = YES;
				CLANG_WARN_CONSTANT_CONVERSION = YES;
				CLANG_WARN_DEPRECATED_OBJC_IMPLEMENTATIONS = YES;
				CLANG_WARN_DIRECT_OBJC_ISA_USAGE = YES_ERROR;
				CLANG_WARN_DOCUMENTATION_COMMENTS = YES;
				CLANG_WARN_EMPTY_BODY = YES;
				CLANG_WARN_ENUM_CONVERSION = YES;
				CLANG_WARN_INFINITE_RECURSION = YES;
				CLANG_WARN_INT_CONVERSION = YES;
				CLANG_WARN_NON_LITERAL_NULL_CONVERSION = YES;
				CLANG_WARN_OBJC_IMPLICIT_RETAIN_SELF = YES;
				CLANG_WARN_OBJC_LITERAL_CONVERSION = YES;
				CLANG_WARN_OBJC_ROOT_CLASS = YES_ERROR;
				CLANG_WARN_QUOTED_INCLUDE_IN_FRAMEWORK_HEADER = YES;
				CLANG_WARN_RANGE_LOOP_ANALYSIS = YES;
				CLANG_WARN_STRICT_PROTOTYPES = YES;
				CLANG_WARN_SUSPICIOUS_MOVE = YES;
				CLANG_WARN_UNGUARDED_AVAILABILITY = YES_AGGRESSIVE;
				CLANG_WARN_UNREACHABLE_CODE = YES;
				CLANG_WARN__DUPLICATE_METHOD_MATCH = YES;
				COPY_PHASE_STRIP = NO;
				DEBUG_INFORMATION_FORMAT = "dwarf-with-dsym";
				ENABLE_NS_ASSERTIONS = NO;
				ENABLE_STRICT_OBJC_MSGSEND = YES;
				ENABLE_USER_SCRIPT_SANDBOXING = YES;
				GCC_C_LANGUAGE_STANDARD = gnu17;
				GCC_NO_COMMON_BLOCKS = YES;
				GCC_WARN_64_TO_32_BIT_CONVERSION = YES;
				GCC_WARN_ABOUT_RETURN_TYPE = YES_ERROR;
				GCC_WARN_UNDECLARED_SELECTOR = YES;
				GCC_WARN_UNINITIALIZED_AUTOS = YES_AGGRESSIVE;
				GCC_WARN_UNUSED_FUNCTION = YES;
				GCC_WARN_UNUSED_VARIABLE = YES;
				IPHONEOS_DEPLOYMENT_TARGET = 17.4;
				LOCALIZATION_PREFERS_STRING_CATALOGS = YES;
				MTL_ENABLE_DEBUG_INFO = NO;
				MTL_FAST_MATH = YES;
				SDKROOT = iphoneos;
				SWIFT_COMPILATION_MODE = wholemodule;
				VALIDATE_PRODUCT = YES;
			};
			name = Release;
		};
		5CC34AAD2C30869400FDA808 /* Debug */ = {
			isa = XCBuildConfiguration;
			buildSettings = {
				ASSETCATALOG_COMPILER_APPICON_NAME = AppIcon;
				ASSETCATALOG_COMPILER_GLOBAL_ACCENT_COLOR_NAME = AccentColor;
				CODE_SIGN_STYLE = Automatic;
				CURRENT_PROJECT_VERSION = 1;
				DEVELOPMENT_ASSET_PATHS = "\"WBSeniorCourse/Resources/Assets/Preview Content\"";
				DEVELOPMENT_TEAM = 9ZH452JWRV;
				ENABLE_PREVIEWS = YES;
				GENERATE_INFOPLIST_FILE = YES;
				INFOPLIST_FILE = WBSeniorCourse/Resources/Info.plist;
				INFOPLIST_KEY_UIApplicationSceneManifest_Generation = YES;
				INFOPLIST_KEY_UIApplicationSupportsIndirectInputEvents = YES;
				INFOPLIST_KEY_UILaunchScreen_Generation = YES;
				INFOPLIST_KEY_UISupportedInterfaceOrientations_iPad = "UIInterfaceOrientationPortrait UIInterfaceOrientationPortraitUpsideDown UIInterfaceOrientationLandscapeLeft UIInterfaceOrientationLandscapeRight";
				INFOPLIST_KEY_UISupportedInterfaceOrientations_iPhone = "UIInterfaceOrientationPortrait UIInterfaceOrientationLandscapeLeft UIInterfaceOrientationLandscapeRight";
				IPHONEOS_DEPLOYMENT_TARGET = 14.0;
				LD_RUNPATH_SEARCH_PATHS = (
					"$(inherited)",
					"@executable_path/Frameworks",
				);
				MARKETING_VERSION = 1.0;
				PRODUCT_BUNDLE_IDENTIFIER = WB.WBSeniorCourse;
				PRODUCT_NAME = "$(TARGET_NAME)";
				SWIFT_EMIT_LOC_STRINGS = YES;
				SWIFT_VERSION = 5.0;
				TARGETED_DEVICE_FAMILY = "1,2";
			};
			name = Debug;
		};
		5CC34AAE2C30869400FDA808 /* Release */ = {
			isa = XCBuildConfiguration;
			buildSettings = {
				ASSETCATALOG_COMPILER_APPICON_NAME = AppIcon;
				ASSETCATALOG_COMPILER_GLOBAL_ACCENT_COLOR_NAME = AccentColor;
				CODE_SIGN_STYLE = Automatic;
				CURRENT_PROJECT_VERSION = 1;
				DEVELOPMENT_ASSET_PATHS = "\"WBSeniorCourse/Resources/Assets/Preview Content\"";
				DEVELOPMENT_TEAM = 9ZH452JWRV;
				ENABLE_PREVIEWS = YES;
				GENERATE_INFOPLIST_FILE = YES;
				INFOPLIST_FILE = WBSeniorCourse/Resources/Info.plist;
				INFOPLIST_KEY_UIApplicationSceneManifest_Generation = YES;
				INFOPLIST_KEY_UIApplicationSupportsIndirectInputEvents = YES;
				INFOPLIST_KEY_UILaunchScreen_Generation = YES;
				INFOPLIST_KEY_UISupportedInterfaceOrientations_iPad = "UIInterfaceOrientationPortrait UIInterfaceOrientationPortraitUpsideDown UIInterfaceOrientationLandscapeLeft UIInterfaceOrientationLandscapeRight";
				INFOPLIST_KEY_UISupportedInterfaceOrientations_iPhone = "UIInterfaceOrientationPortrait UIInterfaceOrientationLandscapeLeft UIInterfaceOrientationLandscapeRight";
				IPHONEOS_DEPLOYMENT_TARGET = 14.0;
				LD_RUNPATH_SEARCH_PATHS = (
					"$(inherited)",
					"@executable_path/Frameworks",
				);
				MARKETING_VERSION = 1.0;
				PRODUCT_BUNDLE_IDENTIFIER = WB.WBSeniorCourse;
				PRODUCT_NAME = "$(TARGET_NAME)";
				SWIFT_EMIT_LOC_STRINGS = YES;
				SWIFT_VERSION = 5.0;
				TARGETED_DEVICE_FAMILY = "1,2";
			};
			name = Release;
		};
/* End XCBuildConfiguration section */

/* Begin XCConfigurationList section */
		5CC34A992C30869300FDA808 /* Build configuration list for PBXProject "WBSeniorCourse" */ = {
			isa = XCConfigurationList;
			buildConfigurations = (
				5CC34AAA2C30869400FDA808 /* Debug */,
				5CC34AAB2C30869400FDA808 /* Release */,
			);
			defaultConfigurationIsVisible = 0;
			defaultConfigurationName = Release;
		};
		5CC34AAC2C30869400FDA808 /* Build configuration list for PBXNativeTarget "WBSeniorCourse" */ = {
			isa = XCConfigurationList;
			buildConfigurations = (
				5CC34AAD2C30869400FDA808 /* Debug */,
				5CC34AAE2C30869400FDA808 /* Release */,
			);
			defaultConfigurationIsVisible = 0;
			defaultConfigurationName = Release;
		};
/* End XCConfigurationList section */
	};
	rootObject = 5CC34A962C30869300FDA808 /* Project object */;
}
